
Microsoft Visual Studio Solution File, Format Version 12.00
# Visual Studio Version 17
VisualStudioVersion = 17.0.31612.314
MinimumVisualStudioVersion = 17.0.31612.314
Project("{9A19103F-16F7-4668-BE54-9A1E7A4F7556}") = "Runtime.Winforms", ".vNext\Runtime.Winforms\Runtime.Winforms.csproj", "{FF3D5152-35B3-459B-9DD9-EFDA169B12FE}"
EndProject
Project("{2150E333-8FDC-42A3-9474-1A3956D46DE8}") = "Neo", "Neo", "{0F12CF9D-CE8C-45B6-BDB6-F12234C2AE7A}"
EndProject
Project("{2150E333-8FDC-42A3-9474-1A3956D46DE8}") = "RuntimeProjects", "RuntimeProjects", "{A25DBDB7-E193-4DAD-A7C0-79CEF1715CD4}"
EndProject
Project("{2150E333-8FDC-42A3-9474-1A3956D46DE8}") = ".vNext", ".vNext", "{FC054BB6-4271-4528-B16F-5146756E2DA9}"
EndProject
Project("{9A19103F-16F7-4668-BE54-9A1E7A4F7556}") = "vNextStubs", ".vNext\Stubs\vNextStubs.csproj", "{E6C871BF-0E96-43E5-91A7-94046C9387B0}"
EndProject
Project("{9A19103F-16F7-4668-BE54-9A1E7A4F7556}") = "AttributesCF", "Attributes\AttributesCF\.vNext\AttributesCF.csproj", "{943B3E9F-4BC3-4E5A-8D7B-CF0058C189D1}"
EndProject
Project("{9A19103F-16F7-4668-BE54-9A1E7A4F7556}") = "ToolsCF", "Tools\ToolsCF\.vNext\ToolsCF.csproj", "{7353FF5E-EF41-4B4E-B7C3-FC246DFE90E3}"
EndProject
Project("{9A19103F-16F7-4668-BE54-9A1E7A4F7556}") = "ControlsCF", "Controls\ControlsCF\.vNext\ControlsCF.csproj", "{FD02410F-BD0B-441D-AA4A-0706D6FD9490}"
EndProject
Project("{9A19103F-16F7-4668-BE54-9A1E7A4F7556}") = "ResourcesCF", "Resources\ResourcesCF\.vNext\ResourcesCF.csproj", "{801BF889-7615-4D89-87AE-C9B50C3F975D}"
EndProject
Project("{9A19103F-16F7-4668-BE54-9A1E7A4F7556}") = "InterfacesCF", "Interfaces\InterfacesCF\.vNext\InterfacesCF.csproj", "{DC8BAC52-22E0-4D2E-9990-F0CA6F2C7181}"
EndProject
Project("{9A19103F-16F7-4668-BE54-9A1E7A4F7556}") = "CommonCF", "Common\CommonCF\.vNext\CommonCF.csproj", "{1233AC81-223D-4E98-A80C-01B7BA51FE1E}"
EndProject
Project("{2150E333-8FDC-42A3-9474-1A3956D46DE8}") = "WinForms", "WinForms", "{EB40F5C3-2EAE-43F4-ABB0-07448DA0C28D}"
EndProject
Project("{2150E333-8FDC-42A3-9474-1A3956D46DE8}") = "Wpf", "Wpf", "{E1C4B014-98B8-4A88-88F9-F26BCC32D6B6}"
EndProject
Project("{9A19103F-16F7-4668-BE54-9A1E7A4F7556}") = "Interfaces", "Interfaces\Interfaces\.vNext\Interfaces.csproj", "{514EC6B4-A0CD-4F70-854A-AA5D64EB5256}"
EndProject
Project("{9A19103F-16F7-4668-BE54-9A1E7A4F7556}") = "Attributes", "Attributes\Attributes\.vNext\Attributes.csproj", "{D6AFDFB7-36EE-4CB6-A68E-808AF6140EE3}"
EndProject
Project("{9A19103F-16F7-4668-BE54-9A1E7A4F7556}") = "Resources", "Resources\Resources\.vNext\Resources.csproj", "{3AE7CC3F-315A-4E07-9026-C1BD54745C4C}"
EndProject
Project("{9A19103F-16F7-4668-BE54-9A1E7A4F7556}") = "Common", "Common\Common\.vNext\Common.csproj", "{4168998D-113C-4D4E-95B9-A27FA8025F1A}"
EndProject
Project("{9A19103F-16F7-4668-BE54-9A1E7A4F7556}") = "Controls", "Controls\Controls\.vNext\Controls.csproj", "{B6869507-C603-467B-B10F-AC116B974218}"
EndProject
Project("{9A19103F-16F7-4668-BE54-9A1E7A4F7556}") = "Tools", "Tools\Tools\.vNext\Tools.csproj", "{BA056DA7-33E4-475C-8F84-6766E2D0FE2C}"
EndProject
Project("{2150E333-8FDC-42A3-9474-1A3956D46DE8}") = "Tests", "Tests", "{E632B3D6-E4D7-4C8D-A834-C767BC2A8F5C}"
EndProject
Project("{9A19103F-16F7-4668-BE54-9A1E7A4F7556}") = "ControlsTest", "Controls\ControlsTest\.vNext\ControlsTest.csproj", "{CA9C286F-C5CE-4549-A457-AEC92142832D}"
EndProject
Project("{2150E333-8FDC-42A3-9474-1A3956D46DE8}") = "Extensions", "Extensions", "{23A1F69B-FEDC-4AFB-B4FF-F0844615974C}"
EndProject
Project("{2150E333-8FDC-42A3-9474-1A3956D46DE8}") = "InternalExtensions", "InternalExtensions", "{196A9123-96C2-4883-A841-461200CC043D}"
EndProject
Project("{2150E333-8FDC-42A3-9474-1A3956D46DE8}") = "TestExtensions", "TestExtensions", "{DF28D02F-4195-44C9-9295-F5A70B5D7F35}"
EndProject
Project("{2150E333-8FDC-42A3-9474-1A3956D46DE8}") = "TestApi", "TestApi", "{17339FCD-F3E0-4B8B-BE85-037561F3C9A4}"
EndProject
Project("{9A19103F-16F7-4668-BE54-9A1E7A4F7556}") = "TopLevelAssembly.WinForms", ".vNext\Runtime.TopLevelAssemblies\Winforms\TopLevelAssembly.WinForms.csproj", "{867E072A-852D-4277-8F7F-178F4E1C2A67}"
EndProject
Project("{9A19103F-16F7-4668-BE54-9A1E7A4F7556}") = "TopLevelAssembly.Wpf", ".vNext\Runtime.TopLevelAssemblies\Wpf\TopLevelAssembly.Wpf.csproj", "{DB4D1102-62A7-42EE-8109-5DB234EF5742}"
EndProject
Project("{2150E333-8FDC-42A3-9474-1A3956D46DE8}") = "Solution Items", "Solution Items", "{4DDF2157-1C36-462B-A020-D2C2C6965EE8}"
	ProjectSection(SolutionItems) = preProject
		Directory.Build.props = Directory.Build.props
		Directory.Build.targets = Directory.Build.targets
	EndProjectSection
EndProject
Project("{9A19103F-16F7-4668-BE54-9A1E7A4F7556}") = "CommonCF.Utilities", "Common\CommonCF.Utilities\.vNext\CommonCF.Utilities.csproj", "{F9F83767-4A7E-4C9C-A2E4-87891BC9BC6F}"
EndProject
Project("{9A19103F-16F7-4668-BE54-9A1E7A4F7556}") = "TestApiCF", "Extensions\InternalExtensions\TestExtensions\TestApi\TestApiCF\.vNext\TestApiCF.csproj", "{54894C34-69CA-4662-8F25-8AF5574AEA07}"
EndProject
Project("{9A19103F-16F7-4668-BE54-9A1E7A4F7556}") = "TestEntitiesCF", "Extensions\InternalExtensions\TestExtensions\TestEntitiesCF\.vNext\TestEntitiesCF.csproj", "{229B7617-32AC-4F11-AF57-98BFA124BC38}"
EndProject
Project("{2150E333-8FDC-42A3-9474-1A3956D46DE8}") = "SignatureInterfaces", "SignatureInterfaces", "{E6223208-1A55-4FEF-B083-9B5908E5CCB0}"
EndProject
Project("{9A19103F-16F7-4668-BE54-9A1E7A4F7556}") = "SignatureInterfacesCF", "SignatureInterfaces\SignatureInterfacesCF\.vNext\SignatureInterfacesCF.csproj", "{F731317D-C87C-44B9-8F62-DD7E8C2DCE44}"
EndProject
Project("{9A19103F-16F7-4668-BE54-9A1E7A4F7556}") = "SignatureInterfaces", "SignatureInterfaces\SignatureInterfaces\.vNext\SignatureInterfaces.csproj", "{19C33E34-9137-4560-867A-F7A04AD6934C}"
EndProject
Global
	GlobalSection(SolutionConfigurationPlatforms) = preSolution
		Debug|Any CPU = Debug|Any CPU
		Debug|x64 = Debug|x64
		Debug|x86 = Debug|x86
		Release|Any CPU = Release|Any CPU
		Release|x64 = Release|x64
		Release|x86 = Release|x86
	EndGlobalSection
	GlobalSection(ProjectConfigurationPlatforms) = postSolution
		{FF3D5152-35B3-459B-9DD9-EFDA169B12FE}.Debug|Any CPU.ActiveCfg = Debug|Any CPU
		{FF3D5152-35B3-459B-9DD9-EFDA169B12FE}.Debug|Any CPU.Build.0 = Debug|Any CPU
		{FF3D5152-35B3-459B-9DD9-EFDA169B12FE}.Debug|x64.ActiveCfg = Debug|Any CPU
		{FF3D5152-35B3-459B-9DD9-EFDA169B12FE}.Debug|x64.Build.0 = Debug|Any CPU
		{FF3D5152-35B3-459B-9DD9-EFDA169B12FE}.Debug|x86.ActiveCfg = Debug|Any CPU
		{FF3D5152-35B3-459B-9DD9-EFDA169B12FE}.Debug|x86.Build.0 = Debug|Any CPU
		{FF3D5152-35B3-459B-9DD9-EFDA169B12FE}.Release|Any CPU.ActiveCfg = Release|Any CPU
		{FF3D5152-35B3-459B-9DD9-EFDA169B12FE}.Release|Any CPU.Build.0 = Release|Any CPU
		{FF3D5152-35B3-459B-9DD9-EFDA169B12FE}.Release|x64.ActiveCfg = Release|Any CPU
		{FF3D5152-35B3-459B-9DD9-EFDA169B12FE}.Release|x64.Build.0 = Release|Any CPU
		{FF3D5152-35B3-459B-9DD9-EFDA169B12FE}.Release|x86.ActiveCfg = Release|Any CPU
		{FF3D5152-35B3-459B-9DD9-EFDA169B12FE}.Release|x86.Build.0 = Release|Any CPU
		{E6C871BF-0E96-43E5-91A7-94046C9387B0}.Debug|Any CPU.ActiveCfg = Debug|Any CPU
		{E6C871BF-0E96-43E5-91A7-94046C9387B0}.Debug|Any CPU.Build.0 = Debug|Any CPU
		{E6C871BF-0E96-43E5-91A7-94046C9387B0}.Debug|x64.ActiveCfg = Debug|Any CPU
		{E6C871BF-0E96-43E5-91A7-94046C9387B0}.Debug|x64.Build.0 = Debug|Any CPU
		{E6C871BF-0E96-43E5-91A7-94046C9387B0}.Debug|x86.ActiveCfg = Debug|Any CPU
		{E6C871BF-0E96-43E5-91A7-94046C9387B0}.Debug|x86.Build.0 = Debug|Any CPU
		{E6C871BF-0E96-43E5-91A7-94046C9387B0}.Release|Any CPU.ActiveCfg = Release|Any CPU
		{E6C871BF-0E96-43E5-91A7-94046C9387B0}.Release|Any CPU.Build.0 = Release|Any CPU
		{E6C871BF-0E96-43E5-91A7-94046C9387B0}.Release|x64.ActiveCfg = Release|Any CPU
		{E6C871BF-0E96-43E5-91A7-94046C9387B0}.Release|x64.Build.0 = Release|Any CPU
		{E6C871BF-0E96-43E5-91A7-94046C9387B0}.Release|x86.ActiveCfg = Release|Any CPU
		{E6C871BF-0E96-43E5-91A7-94046C9387B0}.Release|x86.Build.0 = Release|Any CPU
		{943B3E9F-4BC3-4E5A-8D7B-CF0058C189D1}.Debug|Any CPU.ActiveCfg = Debug|Any CPU
		{943B3E9F-4BC3-4E5A-8D7B-CF0058C189D1}.Debug|Any CPU.Build.0 = Debug|Any CPU
		{943B3E9F-4BC3-4E5A-8D7B-CF0058C189D1}.Debug|x64.ActiveCfg = Debug|Any CPU
		{943B3E9F-4BC3-4E5A-8D7B-CF0058C189D1}.Debug|x64.Build.0 = Debug|Any CPU
		{943B3E9F-4BC3-4E5A-8D7B-CF0058C189D1}.Debug|x86.ActiveCfg = Debug|Any CPU
		{943B3E9F-4BC3-4E5A-8D7B-CF0058C189D1}.Debug|x86.Build.0 = Debug|Any CPU
		{943B3E9F-4BC3-4E5A-8D7B-CF0058C189D1}.Release|Any CPU.ActiveCfg = Release|Any CPU
		{943B3E9F-4BC3-4E5A-8D7B-CF0058C189D1}.Release|Any CPU.Build.0 = Release|Any CPU
		{943B3E9F-4BC3-4E5A-8D7B-CF0058C189D1}.Release|x64.ActiveCfg = Release|Any CPU
		{943B3E9F-4BC3-4E5A-8D7B-CF0058C189D1}.Release|x64.Build.0 = Release|Any CPU
		{943B3E9F-4BC3-4E5A-8D7B-CF0058C189D1}.Release|x86.ActiveCfg = Release|Any CPU
		{943B3E9F-4BC3-4E5A-8D7B-CF0058C189D1}.Release|x86.Build.0 = Release|Any CPU
		{7353FF5E-EF41-4B4E-B7C3-FC246DFE90E3}.Debug|Any CPU.ActiveCfg = Debug|Any CPU
		{7353FF5E-EF41-4B4E-B7C3-FC246DFE90E3}.Debug|Any CPU.Build.0 = Debug|Any CPU
		{7353FF5E-EF41-4B4E-B7C3-FC246DFE90E3}.Debug|x64.ActiveCfg = Debug|Any CPU
		{7353FF5E-EF41-4B4E-B7C3-FC246DFE90E3}.Debug|x64.Build.0 = Debug|Any CPU
		{7353FF5E-EF41-4B4E-B7C3-FC246DFE90E3}.Debug|x86.ActiveCfg = Debug|Any CPU
		{7353FF5E-EF41-4B4E-B7C3-FC246DFE90E3}.Debug|x86.Build.0 = Debug|Any CPU
		{7353FF5E-EF41-4B4E-B7C3-FC246DFE90E3}.Release|Any CPU.ActiveCfg = Release|Any CPU
		{7353FF5E-EF41-4B4E-B7C3-FC246DFE90E3}.Release|Any CPU.Build.0 = Release|Any CPU
		{7353FF5E-EF41-4B4E-B7C3-FC246DFE90E3}.Release|x64.ActiveCfg = Release|Any CPU
		{7353FF5E-EF41-4B4E-B7C3-FC246DFE90E3}.Release|x64.Build.0 = Release|Any CPU
		{7353FF5E-EF41-4B4E-B7C3-FC246DFE90E3}.Release|x86.ActiveCfg = Release|Any CPU
		{7353FF5E-EF41-4B4E-B7C3-FC246DFE90E3}.Release|x86.Build.0 = Release|Any CPU
		{FD02410F-BD0B-441D-AA4A-0706D6FD9490}.Debug|Any CPU.ActiveCfg = Debug|Any CPU
		{FD02410F-BD0B-441D-AA4A-0706D6FD9490}.Debug|Any CPU.Build.0 = Debug|Any CPU
		{FD02410F-BD0B-441D-AA4A-0706D6FD9490}.Debug|x64.ActiveCfg = Debug|Any CPU
		{FD02410F-BD0B-441D-AA4A-0706D6FD9490}.Debug|x64.Build.0 = Debug|Any CPU
		{FD02410F-BD0B-441D-AA4A-0706D6FD9490}.Debug|x86.ActiveCfg = Debug|Any CPU
		{FD02410F-BD0B-441D-AA4A-0706D6FD9490}.Debug|x86.Build.0 = Debug|Any CPU
		{FD02410F-BD0B-441D-AA4A-0706D6FD9490}.Release|Any CPU.ActiveCfg = Release|Any CPU
		{FD02410F-BD0B-441D-AA4A-0706D6FD9490}.Release|Any CPU.Build.0 = Release|Any CPU
		{FD02410F-BD0B-441D-AA4A-0706D6FD9490}.Release|x64.ActiveCfg = Release|Any CPU
		{FD02410F-BD0B-441D-AA4A-0706D6FD9490}.Release|x64.Build.0 = Release|Any CPU
		{FD02410F-BD0B-441D-AA4A-0706D6FD9490}.Release|x86.ActiveCfg = Release|Any CPU
		{FD02410F-BD0B-441D-AA4A-0706D6FD9490}.Release|x86.Build.0 = Release|Any CPU
		{801BF889-7615-4D89-87AE-C9B50C3F975D}.Debug|Any CPU.ActiveCfg = Debug|Any CPU
		{801BF889-7615-4D89-87AE-C9B50C3F975D}.Debug|Any CPU.Build.0 = Debug|Any CPU
		{801BF889-7615-4D89-87AE-C9B50C3F975D}.Debug|x64.ActiveCfg = Debug|Any CPU
		{801BF889-7615-4D89-87AE-C9B50C3F975D}.Debug|x64.Build.0 = Debug|Any CPU
		{801BF889-7615-4D89-87AE-C9B50C3F975D}.Debug|x86.ActiveCfg = Debug|Any CPU
		{801BF889-7615-4D89-87AE-C9B50C3F975D}.Debug|x86.Build.0 = Debug|Any CPU
		{801BF889-7615-4D89-87AE-C9B50C3F975D}.Release|Any CPU.ActiveCfg = Release|Any CPU
		{801BF889-7615-4D89-87AE-C9B50C3F975D}.Release|Any CPU.Build.0 = Release|Any CPU
		{801BF889-7615-4D89-87AE-C9B50C3F975D}.Release|x64.ActiveCfg = Release|Any CPU
		{801BF889-7615-4D89-87AE-C9B50C3F975D}.Release|x64.Build.0 = Release|Any CPU
		{801BF889-7615-4D89-87AE-C9B50C3F975D}.Release|x86.ActiveCfg = Release|Any CPU
		{801BF889-7615-4D89-87AE-C9B50C3F975D}.Release|x86.Build.0 = Release|Any CPU
		{DC8BAC52-22E0-4D2E-9990-F0CA6F2C7181}.Debug|Any CPU.ActiveCfg = Debug|Any CPU
		{DC8BAC52-22E0-4D2E-9990-F0CA6F2C7181}.Debug|Any CPU.Build.0 = Debug|Any CPU
		{DC8BAC52-22E0-4D2E-9990-F0CA6F2C7181}.Debug|x64.ActiveCfg = Debug|Any CPU
		{DC8BAC52-22E0-4D2E-9990-F0CA6F2C7181}.Debug|x64.Build.0 = Debug|Any CPU
		{DC8BAC52-22E0-4D2E-9990-F0CA6F2C7181}.Debug|x86.ActiveCfg = Debug|Any CPU
		{DC8BAC52-22E0-4D2E-9990-F0CA6F2C7181}.Debug|x86.Build.0 = Debug|Any CPU
		{DC8BAC52-22E0-4D2E-9990-F0CA6F2C7181}.Release|Any CPU.ActiveCfg = Release|Any CPU
		{DC8BAC52-22E0-4D2E-9990-F0CA6F2C7181}.Release|Any CPU.Build.0 = Release|Any CPU
		{DC8BAC52-22E0-4D2E-9990-F0CA6F2C7181}.Release|x64.ActiveCfg = Release|Any CPU
		{DC8BAC52-22E0-4D2E-9990-F0CA6F2C7181}.Release|x64.Build.0 = Release|Any CPU
		{DC8BAC52-22E0-4D2E-9990-F0CA6F2C7181}.Release|x86.ActiveCfg = Release|Any CPU
		{DC8BAC52-22E0-4D2E-9990-F0CA6F2C7181}.Release|x86.Build.0 = Release|Any CPU
		{1233AC81-223D-4E98-A80C-01B7BA51FE1E}.Debug|Any CPU.ActiveCfg = Debug|Any CPU
		{1233AC81-223D-4E98-A80C-01B7BA51FE1E}.Debug|Any CPU.Build.0 = Debug|Any CPU
		{1233AC81-223D-4E98-A80C-01B7BA51FE1E}.Debug|x64.ActiveCfg = Debug|Any CPU
		{1233AC81-223D-4E98-A80C-01B7BA51FE1E}.Debug|x64.Build.0 = Debug|Any CPU
		{1233AC81-223D-4E98-A80C-01B7BA51FE1E}.Debug|x86.ActiveCfg = Debug|Any CPU
		{1233AC81-223D-4E98-A80C-01B7BA51FE1E}.Debug|x86.Build.0 = Debug|Any CPU
		{1233AC81-223D-4E98-A80C-01B7BA51FE1E}.Release|Any CPU.ActiveCfg = Release|Any CPU
		{1233AC81-223D-4E98-A80C-01B7BA51FE1E}.Release|Any CPU.Build.0 = Release|Any CPU
		{1233AC81-223D-4E98-A80C-01B7BA51FE1E}.Release|x64.ActiveCfg = Release|Any CPU
		{1233AC81-223D-4E98-A80C-01B7BA51FE1E}.Release|x64.Build.0 = Release|Any CPU
		{1233AC81-223D-4E98-A80C-01B7BA51FE1E}.Release|x86.ActiveCfg = Release|Any CPU
		{1233AC81-223D-4E98-A80C-01B7BA51FE1E}.Release|x86.Build.0 = Release|Any CPU
		{514EC6B4-A0CD-4F70-854A-AA5D64EB5256}.Debug|Any CPU.ActiveCfg = Debug|Any CPU
		{514EC6B4-A0CD-4F70-854A-AA5D64EB5256}.Debug|Any CPU.Build.0 = Debug|Any CPU
		{514EC6B4-A0CD-4F70-854A-AA5D64EB5256}.Debug|x64.ActiveCfg = Debug|Any CPU
		{514EC6B4-A0CD-4F70-854A-AA5D64EB5256}.Debug|x64.Build.0 = Debug|Any CPU
		{514EC6B4-A0CD-4F70-854A-AA5D64EB5256}.Debug|x86.ActiveCfg = Debug|Any CPU
		{514EC6B4-A0CD-4F70-854A-AA5D64EB5256}.Debug|x86.Build.0 = Debug|Any CPU
		{514EC6B4-A0CD-4F70-854A-AA5D64EB5256}.Release|Any CPU.ActiveCfg = Release|Any CPU
		{514EC6B4-A0CD-4F70-854A-AA5D64EB5256}.Release|Any CPU.Build.0 = Release|Any CPU
		{514EC6B4-A0CD-4F70-854A-AA5D64EB5256}.Release|x64.ActiveCfg = Release|Any CPU
		{514EC6B4-A0CD-4F70-854A-AA5D64EB5256}.Release|x64.Build.0 = Release|Any CPU
		{514EC6B4-A0CD-4F70-854A-AA5D64EB5256}.Release|x86.ActiveCfg = Release|Any CPU
		{514EC6B4-A0CD-4F70-854A-AA5D64EB5256}.Release|x86.Build.0 = Release|Any CPU
		{D6AFDFB7-36EE-4CB6-A68E-808AF6140EE3}.Debug|Any CPU.ActiveCfg = Debug|Any CPU
		{D6AFDFB7-36EE-4CB6-A68E-808AF6140EE3}.Debug|Any CPU.Build.0 = Debug|Any CPU
		{D6AFDFB7-36EE-4CB6-A68E-808AF6140EE3}.Debug|x64.ActiveCfg = Debug|Any CPU
		{D6AFDFB7-36EE-4CB6-A68E-808AF6140EE3}.Debug|x64.Build.0 = Debug|Any CPU
		{D6AFDFB7-36EE-4CB6-A68E-808AF6140EE3}.Debug|x86.ActiveCfg = Debug|Any CPU
		{D6AFDFB7-36EE-4CB6-A68E-808AF6140EE3}.Debug|x86.Build.0 = Debug|Any CPU
		{D6AFDFB7-36EE-4CB6-A68E-808AF6140EE3}.Release|Any CPU.ActiveCfg = Release|Any CPU
		{D6AFDFB7-36EE-4CB6-A68E-808AF6140EE3}.Release|Any CPU.Build.0 = Release|Any CPU
		{D6AFDFB7-36EE-4CB6-A68E-808AF6140EE3}.Release|x64.ActiveCfg = Release|Any CPU
		{D6AFDFB7-36EE-4CB6-A68E-808AF6140EE3}.Release|x64.Build.0 = Release|Any CPU
		{D6AFDFB7-36EE-4CB6-A68E-808AF6140EE3}.Release|x86.ActiveCfg = Release|Any CPU
		{D6AFDFB7-36EE-4CB6-A68E-808AF6140EE3}.Release|x86.Build.0 = Release|Any CPU
		{3AE7CC3F-315A-4E07-9026-C1BD54745C4C}.Debug|Any CPU.ActiveCfg = Debug|Any CPU
		{3AE7CC3F-315A-4E07-9026-C1BD54745C4C}.Debug|Any CPU.Build.0 = Debug|Any CPU
		{3AE7CC3F-315A-4E07-9026-C1BD54745C4C}.Debug|x64.ActiveCfg = Debug|Any CPU
		{3AE7CC3F-315A-4E07-9026-C1BD54745C4C}.Debug|x64.Build.0 = Debug|Any CPU
		{3AE7CC3F-315A-4E07-9026-C1BD54745C4C}.Debug|x86.ActiveCfg = Debug|Any CPU
		{3AE7CC3F-315A-4E07-9026-C1BD54745C4C}.Debug|x86.Build.0 = Debug|Any CPU
		{3AE7CC3F-315A-4E07-9026-C1BD54745C4C}.Release|Any CPU.ActiveCfg = Release|Any CPU
		{3AE7CC3F-315A-4E07-9026-C1BD54745C4C}.Release|Any CPU.Build.0 = Release|Any CPU
		{3AE7CC3F-315A-4E07-9026-C1BD54745C4C}.Release|x64.ActiveCfg = Release|Any CPU
		{3AE7CC3F-315A-4E07-9026-C1BD54745C4C}.Release|x64.Build.0 = Release|Any CPU
		{3AE7CC3F-315A-4E07-9026-C1BD54745C4C}.Release|x86.ActiveCfg = Release|Any CPU
		{3AE7CC3F-315A-4E07-9026-C1BD54745C4C}.Release|x86.Build.0 = Release|Any CPU
		{4168998D-113C-4D4E-95B9-A27FA8025F1A}.Debug|Any CPU.ActiveCfg = Debug|Any CPU
		{4168998D-113C-4D4E-95B9-A27FA8025F1A}.Debug|Any CPU.Build.0 = Debug|Any CPU
		{4168998D-113C-4D4E-95B9-A27FA8025F1A}.Debug|x64.ActiveCfg = Debug|Any CPU
		{4168998D-113C-4D4E-95B9-A27FA8025F1A}.Debug|x64.Build.0 = Debug|Any CPU
		{4168998D-113C-4D4E-95B9-A27FA8025F1A}.Debug|x86.ActiveCfg = Debug|Any CPU
		{4168998D-113C-4D4E-95B9-A27FA8025F1A}.Debug|x86.Build.0 = Debug|Any CPU
		{4168998D-113C-4D4E-95B9-A27FA8025F1A}.Release|Any CPU.ActiveCfg = Release|Any CPU
		{4168998D-113C-4D4E-95B9-A27FA8025F1A}.Release|Any CPU.Build.0 = Release|Any CPU
		{4168998D-113C-4D4E-95B9-A27FA8025F1A}.Release|x64.ActiveCfg = Release|Any CPU
		{4168998D-113C-4D4E-95B9-A27FA8025F1A}.Release|x64.Build.0 = Release|Any CPU
		{4168998D-113C-4D4E-95B9-A27FA8025F1A}.Release|x86.ActiveCfg = Release|Any CPU
		{4168998D-113C-4D4E-95B9-A27FA8025F1A}.Release|x86.Build.0 = Release|Any CPU
		{B6869507-C603-467B-B10F-AC116B974218}.Debug|Any CPU.ActiveCfg = Debug|Any CPU
		{B6869507-C603-467B-B10F-AC116B974218}.Debug|Any CPU.Build.0 = Debug|Any CPU
		{B6869507-C603-467B-B10F-AC116B974218}.Debug|x64.ActiveCfg = Debug|Any CPU
		{B6869507-C603-467B-B10F-AC116B974218}.Debug|x64.Build.0 = Debug|Any CPU
		{B6869507-C603-467B-B10F-AC116B974218}.Debug|x86.ActiveCfg = Debug|Any CPU
		{B6869507-C603-467B-B10F-AC116B974218}.Debug|x86.Build.0 = Debug|Any CPU
		{B6869507-C603-467B-B10F-AC116B974218}.Release|Any CPU.ActiveCfg = Release|Any CPU
		{B6869507-C603-467B-B10F-AC116B974218}.Release|Any CPU.Build.0 = Release|Any CPU
		{B6869507-C603-467B-B10F-AC116B974218}.Release|x64.ActiveCfg = Release|Any CPU
		{B6869507-C603-467B-B10F-AC116B974218}.Release|x64.Build.0 = Release|Any CPU
		{B6869507-C603-467B-B10F-AC116B974218}.Release|x86.ActiveCfg = Release|Any CPU
		{B6869507-C603-467B-B10F-AC116B974218}.Release|x86.Build.0 = Release|Any CPU
		{BA056DA7-33E4-475C-8F84-6766E2D0FE2C}.Debug|Any CPU.ActiveCfg = Debug|Any CPU
		{BA056DA7-33E4-475C-8F84-6766E2D0FE2C}.Debug|Any CPU.Build.0 = Debug|Any CPU
		{BA056DA7-33E4-475C-8F84-6766E2D0FE2C}.Debug|x64.ActiveCfg = Debug|Any CPU
		{BA056DA7-33E4-475C-8F84-6766E2D0FE2C}.Debug|x64.Build.0 = Debug|Any CPU
		{BA056DA7-33E4-475C-8F84-6766E2D0FE2C}.Debug|x86.ActiveCfg = Debug|Any CPU
		{BA056DA7-33E4-475C-8F84-6766E2D0FE2C}.Debug|x86.Build.0 = Debug|Any CPU
		{BA056DA7-33E4-475C-8F84-6766E2D0FE2C}.Release|Any CPU.ActiveCfg = Release|Any CPU
		{BA056DA7-33E4-475C-8F84-6766E2D0FE2C}.Release|Any CPU.Build.0 = Release|Any CPU
		{BA056DA7-33E4-475C-8F84-6766E2D0FE2C}.Release|x64.ActiveCfg = Release|Any CPU
		{BA056DA7-33E4-475C-8F84-6766E2D0FE2C}.Release|x64.Build.0 = Release|Any CPU
		{BA056DA7-33E4-475C-8F84-6766E2D0FE2C}.Release|x86.ActiveCfg = Release|Any CPU
		{BA056DA7-33E4-475C-8F84-6766E2D0FE2C}.Release|x86.Build.0 = Release|Any CPU
		{CA9C286F-C5CE-4549-A457-AEC92142832D}.Debug|Any CPU.ActiveCfg = Debug|Any CPU
		{CA9C286F-C5CE-4549-A457-AEC92142832D}.Debug|Any CPU.Build.0 = Debug|Any CPU
		{CA9C286F-C5CE-4549-A457-AEC92142832D}.Debug|x64.ActiveCfg = Debug|Any CPU
		{CA9C286F-C5CE-4549-A457-AEC92142832D}.Debug|x64.Build.0 = Debug|Any CPU
		{CA9C286F-C5CE-4549-A457-AEC92142832D}.Debug|x86.ActiveCfg = Debug|Any CPU
		{CA9C286F-C5CE-4549-A457-AEC92142832D}.Debug|x86.Build.0 = Debug|Any CPU
		{CA9C286F-C5CE-4549-A457-AEC92142832D}.Release|Any CPU.ActiveCfg = Release|Any CPU
		{CA9C286F-C5CE-4549-A457-AEC92142832D}.Release|Any CPU.Build.0 = Release|Any CPU
		{CA9C286F-C5CE-4549-A457-AEC92142832D}.Release|x64.ActiveCfg = Release|Any CPU
		{CA9C286F-C5CE-4549-A457-AEC92142832D}.Release|x64.Build.0 = Release|Any CPU
		{CA9C286F-C5CE-4549-A457-AEC92142832D}.Release|x86.ActiveCfg = Release|Any CPU
		{CA9C286F-C5CE-4549-A457-AEC92142832D}.Release|x86.Build.0 = Release|Any CPU
		{867E072A-852D-4277-8F7F-178F4E1C2A67}.Debug|Any CPU.ActiveCfg = Debug|Any CPU
		{867E072A-852D-4277-8F7F-178F4E1C2A67}.Debug|Any CPU.Build.0 = Debug|Any CPU
		{867E072A-852D-4277-8F7F-178F4E1C2A67}.Debug|x64.ActiveCfg = Debug|Any CPU
		{867E072A-852D-4277-8F7F-178F4E1C2A67}.Debug|x64.Build.0 = Debug|Any CPU
		{867E072A-852D-4277-8F7F-178F4E1C2A67}.Debug|x86.ActiveCfg = Debug|Any CPU
		{867E072A-852D-4277-8F7F-178F4E1C2A67}.Debug|x86.Build.0 = Debug|Any CPU
		{867E072A-852D-4277-8F7F-178F4E1C2A67}.Release|Any CPU.ActiveCfg = Release|Any CPU
		{867E072A-852D-4277-8F7F-178F4E1C2A67}.Release|Any CPU.Build.0 = Release|Any CPU
		{867E072A-852D-4277-8F7F-178F4E1C2A67}.Release|x64.ActiveCfg = Release|Any CPU
		{867E072A-852D-4277-8F7F-178F4E1C2A67}.Release|x64.Build.0 = Release|Any CPU
		{867E072A-852D-4277-8F7F-178F4E1C2A67}.Release|x86.ActiveCfg = Release|Any CPU
		{867E072A-852D-4277-8F7F-178F4E1C2A67}.Release|x86.Build.0 = Release|Any CPU
		{DB4D1102-62A7-42EE-8109-5DB234EF5742}.Debug|Any CPU.ActiveCfg = Debug|Any CPU
		{DB4D1102-62A7-42EE-8109-5DB234EF5742}.Debug|Any CPU.Build.0 = Debug|Any CPU
		{DB4D1102-62A7-42EE-8109-5DB234EF5742}.Debug|x64.ActiveCfg = Debug|Any CPU
		{DB4D1102-62A7-42EE-8109-5DB234EF5742}.Debug|x64.Build.0 = Debug|Any CPU
		{DB4D1102-62A7-42EE-8109-5DB234EF5742}.Debug|x86.ActiveCfg = Debug|Any CPU
		{DB4D1102-62A7-42EE-8109-5DB234EF5742}.Debug|x86.Build.0 = Debug|Any CPU
		{DB4D1102-62A7-42EE-8109-5DB234EF5742}.Release|Any CPU.ActiveCfg = Release|Any CPU
		{DB4D1102-62A7-42EE-8109-5DB234EF5742}.Release|Any CPU.Build.0 = Release|Any CPU
		{DB4D1102-62A7-42EE-8109-5DB234EF5742}.Release|x64.ActiveCfg = Release|Any CPU
		{DB4D1102-62A7-42EE-8109-5DB234EF5742}.Release|x64.Build.0 = Release|Any CPU
		{DB4D1102-62A7-42EE-8109-5DB234EF5742}.Release|x86.ActiveCfg = Release|Any CPU
		{DB4D1102-62A7-42EE-8109-5DB234EF5742}.Release|x86.Build.0 = Release|Any CPU
		{F9F83767-4A7E-4C9C-A2E4-87891BC9BC6F}.Debug|Any CPU.ActiveCfg = Debug|Any CPU
		{F9F83767-4A7E-4C9C-A2E4-87891BC9BC6F}.Debug|Any CPU.Build.0 = Debug|Any CPU
		{F9F83767-4A7E-4C9C-A2E4-87891BC9BC6F}.Debug|x64.ActiveCfg = Debug|Any CPU
		{F9F83767-4A7E-4C9C-A2E4-87891BC9BC6F}.Debug|x64.Build.0 = Debug|Any CPU
		{F9F83767-4A7E-4C9C-A2E4-87891BC9BC6F}.Debug|x86.ActiveCfg = Debug|Any CPU
		{F9F83767-4A7E-4C9C-A2E4-87891BC9BC6F}.Debug|x86.Build.0 = Debug|Any CPU
		{F9F83767-4A7E-4C9C-A2E4-87891BC9BC6F}.Release|Any CPU.ActiveCfg = Release|Any CPU
		{F9F83767-4A7E-4C9C-A2E4-87891BC9BC6F}.Release|Any CPU.Build.0 = Release|Any CPU
		{F9F83767-4A7E-4C9C-A2E4-87891BC9BC6F}.Release|x64.ActiveCfg = Release|Any CPU
		{F9F83767-4A7E-4C9C-A2E4-87891BC9BC6F}.Release|x64.Build.0 = Release|Any CPU
		{F9F83767-4A7E-4C9C-A2E4-87891BC9BC6F}.Release|x86.ActiveCfg = Release|Any CPU
		{F9F83767-4A7E-4C9C-A2E4-87891BC9BC6F}.Release|x86.Build.0 = Release|Any CPU
		{54894C34-69CA-4662-8F25-8AF5574AEA07}.Debug|Any CPU.ActiveCfg = Debug|Any CPU
		{54894C34-69CA-4662-8F25-8AF5574AEA07}.Debug|Any CPU.Build.0 = Debug|Any CPU
		{54894C34-69CA-4662-8F25-8AF5574AEA07}.Debug|x64.ActiveCfg = Debug|Any CPU
		{54894C34-69CA-4662-8F25-8AF5574AEA07}.Debug|x64.Build.0 = Debug|Any CPU
		{54894C34-69CA-4662-8F25-8AF5574AEA07}.Debug|x86.ActiveCfg = Debug|Any CPU
		{54894C34-69CA-4662-8F25-8AF5574AEA07}.Debug|x86.Build.0 = Debug|Any CPU
		{54894C34-69CA-4662-8F25-8AF5574AEA07}.Release|Any CPU.ActiveCfg = Release|Any CPU
		{54894C34-69CA-4662-8F25-8AF5574AEA07}.Release|Any CPU.Build.0 = Release|Any CPU
		{54894C34-69CA-4662-8F25-8AF5574AEA07}.Release|x64.ActiveCfg = Release|Any CPU
		{54894C34-69CA-4662-8F25-8AF5574AEA07}.Release|x64.Build.0 = Release|Any CPU
		{54894C34-69CA-4662-8F25-8AF5574AEA07}.Release|x86.ActiveCfg = Release|Any CPU
		{54894C34-69CA-4662-8F25-8AF5574AEA07}.Release|x86.Build.0 = Release|Any CPU
		{229B7617-32AC-4F11-AF57-98BFA124BC38}.Debug|Any CPU.ActiveCfg = Debug|Any CPU
		{229B7617-32AC-4F11-AF57-98BFA124BC38}.Debug|Any CPU.Build.0 = Debug|Any CPU
		{229B7617-32AC-4F11-AF57-98BFA124BC38}.Debug|x64.ActiveCfg = Debug|Any CPU
		{229B7617-32AC-4F11-AF57-98BFA124BC38}.Debug|x64.Build.0 = Debug|Any CPU
		{229B7617-32AC-4F11-AF57-98BFA124BC38}.Debug|x86.ActiveCfg = Debug|Any CPU
		{229B7617-32AC-4F11-AF57-98BFA124BC38}.Debug|x86.Build.0 = Debug|Any CPU
		{229B7617-32AC-4F11-AF57-98BFA124BC38}.Release|Any CPU.ActiveCfg = Release|Any CPU
		{229B7617-32AC-4F11-AF57-98BFA124BC38}.Release|Any CPU.Build.0 = Release|Any CPU
		{229B7617-32AC-4F11-AF57-98BFA124BC38}.Release|x64.ActiveCfg = Release|Any CPU
		{229B7617-32AC-4F11-AF57-98BFA124BC38}.Release|x64.Build.0 = Release|Any CPU
		{229B7617-32AC-4F11-AF57-98BFA124BC38}.Release|x86.ActiveCfg = Release|Any CPU
		{229B7617-32AC-4F11-AF57-98BFA124BC38}.Release|x86.Build.0 = Release|Any CPU
		{F731317D-C87C-44B9-8F62-DD7E8C2DCE44}.Debug|Any CPU.ActiveCfg = Debug|Any CPU
		{F731317D-C87C-44B9-8F62-DD7E8C2DCE44}.Debug|Any CPU.Build.0 = Debug|Any CPU
		{F731317D-C87C-44B9-8F62-DD7E8C2DCE44}.Debug|x64.ActiveCfg = Debug|Any CPU
		{F731317D-C87C-44B9-8F62-DD7E8C2DCE44}.Debug|x64.Build.0 = Debug|Any CPU
		{F731317D-C87C-44B9-8F62-DD7E8C2DCE44}.Debug|x86.ActiveCfg = Debug|Any CPU
		{F731317D-C87C-44B9-8F62-DD7E8C2DCE44}.Debug|x86.Build.0 = Debug|Any CPU
		{F731317D-C87C-44B9-8F62-DD7E8C2DCE44}.Release|Any CPU.ActiveCfg = Release|Any CPU
		{F731317D-C87C-44B9-8F62-DD7E8C2DCE44}.Release|Any CPU.Build.0 = Release|Any CPU
		{F731317D-C87C-44B9-8F62-DD7E8C2DCE44}.Release|x64.ActiveCfg = Release|Any CPU
		{F731317D-C87C-44B9-8F62-DD7E8C2DCE44}.Release|x64.Build.0 = Release|Any CPU
		{F731317D-C87C-44B9-8F62-DD7E8C2DCE44}.Release|x86.ActiveCfg = Release|Any CPU
		{F731317D-C87C-44B9-8F62-DD7E8C2DCE44}.Release|x86.Build.0 = Release|Any CPU
		{19C33E34-9137-4560-867A-F7A04AD6934C}.Debug|Any CPU.ActiveCfg = Debug|Any CPU
		{19C33E34-9137-4560-867A-F7A04AD6934C}.Debug|Any CPU.Build.0 = Debug|Any CPU
		{19C33E34-9137-4560-867A-F7A04AD6934C}.Debug|x64.ActiveCfg = Debug|Any CPU
		{19C33E34-9137-4560-867A-F7A04AD6934C}.Debug|x64.Build.0 = Debug|Any CPU
		{19C33E34-9137-4560-867A-F7A04AD6934C}.Debug|x86.ActiveCfg = Debug|Any CPU
		{19C33E34-9137-4560-867A-F7A04AD6934C}.Debug|x86.Build.0 = Debug|Any CPU
		{19C33E34-9137-4560-867A-F7A04AD6934C}.Release|Any CPU.ActiveCfg = Release|Any CPU
		{19C33E34-9137-4560-867A-F7A04AD6934C}.Release|Any CPU.Build.0 = Release|Any CPU
		{19C33E34-9137-4560-867A-F7A04AD6934C}.Release|x64.ActiveCfg = Release|Any CPU
		{19C33E34-9137-4560-867A-F7A04AD6934C}.Release|x64.Build.0 = Release|Any CPU
		{19C33E34-9137-4560-867A-F7A04AD6934C}.Release|x86.ActiveCfg = Release|Any CPU
		{19C33E34-9137-4560-867A-F7A04AD6934C}.Release|x86.Build.0 = Release|Any CPU
	EndGlobalSection
	GlobalSection(SolutionProperties) = preSolution
		HideSolutionNode = FALSE
	EndGlobalSection
	GlobalSection(NestedProjects) = preSolution
		{FF3D5152-35B3-459B-9DD9-EFDA169B12FE} = {EB40F5C3-2EAE-43F4-ABB0-07448DA0C28D}
		{0F12CF9D-CE8C-45B6-BDB6-F12234C2AE7A} = {A25DBDB7-E193-4DAD-A7C0-79CEF1715CD4}
		{FC054BB6-4271-4528-B16F-5146756E2DA9} = {EB40F5C3-2EAE-43F4-ABB0-07448DA0C28D}
		{E6C871BF-0E96-43E5-91A7-94046C9387B0} = {FC054BB6-4271-4528-B16F-5146756E2DA9}
		{943B3E9F-4BC3-4E5A-8D7B-CF0058C189D1} = {EB40F5C3-2EAE-43F4-ABB0-07448DA0C28D}
		{7353FF5E-EF41-4B4E-B7C3-FC246DFE90E3} = {EB40F5C3-2EAE-43F4-ABB0-07448DA0C28D}
		{FD02410F-BD0B-441D-AA4A-0706D6FD9490} = {EB40F5C3-2EAE-43F4-ABB0-07448DA0C28D}
		{801BF889-7615-4D89-87AE-C9B50C3F975D} = {EB40F5C3-2EAE-43F4-ABB0-07448DA0C28D}
		{DC8BAC52-22E0-4D2E-9990-F0CA6F2C7181} = {EB40F5C3-2EAE-43F4-ABB0-07448DA0C28D}
		{1233AC81-223D-4E98-A80C-01B7BA51FE1E} = {EB40F5C3-2EAE-43F4-ABB0-07448DA0C28D}
		{EB40F5C3-2EAE-43F4-ABB0-07448DA0C28D} = {0F12CF9D-CE8C-45B6-BDB6-F12234C2AE7A}
		{E1C4B014-98B8-4A88-88F9-F26BCC32D6B6} = {0F12CF9D-CE8C-45B6-BDB6-F12234C2AE7A}
		{514EC6B4-A0CD-4F70-854A-AA5D64EB5256} = {E1C4B014-98B8-4A88-88F9-F26BCC32D6B6}
		{D6AFDFB7-36EE-4CB6-A68E-808AF6140EE3} = {E1C4B014-98B8-4A88-88F9-F26BCC32D6B6}
		{3AE7CC3F-315A-4E07-9026-C1BD54745C4C} = {E1C4B014-98B8-4A88-88F9-F26BCC32D6B6}
		{4168998D-113C-4D4E-95B9-A27FA8025F1A} = {E1C4B014-98B8-4A88-88F9-F26BCC32D6B6}
		{B6869507-C603-467B-B10F-AC116B974218} = {E1C4B014-98B8-4A88-88F9-F26BCC32D6B6}
		{BA056DA7-33E4-475C-8F84-6766E2D0FE2C} = {E1C4B014-98B8-4A88-88F9-F26BCC32D6B6}
		{CA9C286F-C5CE-4549-A457-AEC92142832D} = {E632B3D6-E4D7-4C8D-A834-C767BC2A8F5C}
		{23A1F69B-FEDC-4AFB-B4FF-F0844615974C} = {0F12CF9D-CE8C-45B6-BDB6-F12234C2AE7A}
		{196A9123-96C2-4883-A841-461200CC043D} = {23A1F69B-FEDC-4AFB-B4FF-F0844615974C}
		{DF28D02F-4195-44C9-9295-F5A70B5D7F35} = {196A9123-96C2-4883-A841-461200CC043D}
		{17339FCD-F3E0-4B8B-BE85-037561F3C9A4} = {DF28D02F-4195-44C9-9295-F5A70B5D7F35}
		{F9F83767-4A7E-4C9C-A2E4-87891BC9BC6F} = {EB40F5C3-2EAE-43F4-ABB0-07448DA0C28D}
		{54894C34-69CA-4662-8F25-8AF5574AEA07} = {17339FCD-F3E0-4B8B-BE85-037561F3C9A4}
		{229B7617-32AC-4F11-AF57-98BFA124BC38} = {DF28D02F-4195-44C9-9295-F5A70B5D7F35}
		{E6223208-1A55-4FEF-B083-9B5908E5CCB0} = {0F12CF9D-CE8C-45B6-BDB6-F12234C2AE7A}
		{F731317D-C87C-44B9-8F62-DD7E8C2DCE44} = {E6223208-1A55-4FEF-B083-9B5908E5CCB0}
		{19C33E34-9137-4560-867A-F7A04AD6934C} = {E6223208-1A55-4FEF-B083-9B5908E5CCB0}
	EndGlobalSection
	GlobalSection(ExtensibilityGlobals) = postSolution
		SolutionGuid = {82E0A50D-991D-46A7-BBFD-ED082EE67F2D}
	EndGlobalSection
EndGlobal
