
Microsoft Visual Studio Solution File, Format Version 12.00
# Visual Studio Version 16
VisualStudioVersion = 16.0.30011.22
MinimumVisualStudioVersion = 10.0.40219.1
Project("{9A19103F-16F7-4668-BE54-9A1E7A4F7556}") = "Runtime.Winforms", "Runtime.Winforms.csproj", "{FF3D5152-35B3-459B-9DD9-EFDA169B12FE}"
EndProject
Project("{2150E333-8FDC-42A3-9474-1A3956D46DE8}") = "BuildingBocks", "BuildingBocks", "{795E184B-21F9-48D7-8005-DD4ACE19A11D}"
EndProject
Project("{2150E333-8FDC-42A3-9474-1A3956D46DE8}") = "Neo", "Neo", "{0F12CF9D-CE8C-45B6-BDB6-F12234C2AE7A}"
EndProject
Project("{2150E333-8FDC-42A3-9474-1A3956D46DE8}") = "Runtime", "Runtime", "{A25DBDB7-E193-4DAD-A7C0-79CEF1715CD4}"
EndProject
Project("{2150E333-8FDC-42A3-9474-1A3956D46DE8}") = ".vNext", ".vNext", "{FC054BB6-4271-4528-B16F-5146756E2DA9}"
EndProject
Project("{9A19103F-16F7-4668-BE54-9A1E7A4F7556}") = "vNextStubs", ".vNext\Stubs\vNextStubs.csproj", "{E6C871BF-0E96-43E5-91A7-94046C9387B0}"
EndProject
Project("{9A19103F-16F7-4668-BE54-9A1E7A4F7556}") = "AttributesCF", "Attributes\AttributesCF\.vNext\AttributesCF.csproj", "{943B3E9F-4BC3-4E5A-8D7B-CF0058C189D1}"
EndProject
Project("{9A19103F-16F7-4668-BE54-9A1E7A4F7556}") = "ToolsCF", "Tools\ToolsCF\.vNext\ToolsCF.csproj", "{7353FF5E-EF41-4B4E-B7C3-FC246DFE90E3}"
EndProject
Project("{9A19103F-16F7-4668-BE54-9A1E7A4F7556}") = "ControlsCF", "Controls\ControlsCF\.vNext\ControlsCF.csproj", "{FD02410F-BD0B-441D-AA4A-0706D6FD9490}"
EndProject
Project("{9A19103F-16F7-4668-BE54-9A1E7A4F7556}") = "ResourcesCF", "Resources\ResourcesCF\.vNext\ResourcesCF.csproj", "{801BF889-7615-4D89-87AE-C9B50C3F975D}"
EndProject
Project("{9A19103F-16F7-4668-BE54-9A1E7A4F7556}") = "InterfacesCF", "Interfaces\InterfacesCF\.vNext\InterfacesCF.csproj", "{DC8BAC52-22E0-4D2E-9990-F0CA6F2C7181}"
EndProject
Project("{9A19103F-16F7-4668-BE54-9A1E7A4F7556}") = "CommonCF", "Common\CommonCF\.vNext\CommonCF.csproj", "{1233AC81-223D-4E98-A80C-01B7BA51FE1E}"
EndProject
Project("{2150E333-8FDC-42A3-9474-1A3956D46DE8}") = "Pixel", "Pixel", "{EB40F5C3-2EAE-43F4-ABB0-07448DA0C28D}"
EndProject
Project("{2150E333-8FDC-42A3-9474-1A3956D46DE8}") = "Vector", "Vector", "{E1C4B014-98B8-4A88-88F9-F26BCC32D6B6}"
EndProject
Project("{9A19103F-16F7-4668-BE54-9A1E7A4F7556}") = "Interfaces", "Interfaces\Interfaces\.vNext\Interfaces.csproj", "{514EC6B4-A0CD-4F70-854A-AA5D64EB5256}"
EndProject
Project("{9A19103F-16F7-4668-BE54-9A1E7A4F7556}") = "Attributes", "Attributes\Attributes\.vNext\Attributes.csproj", "{D6AFDFB7-36EE-4CB6-A68E-808AF6140EE3}"
EndProject
Project("{9A19103F-16F7-4668-BE54-9A1E7A4F7556}") = "Resources", "Resources\Resources\.vNext\Resources.csproj", "{3AE7CC3F-315A-4E07-9026-C1BD54745C4C}"
EndProject
Project("{9A19103F-16F7-4668-BE54-9A1E7A4F7556}") = "Common", "Common\Common\.vNext\Common.csproj", "{4168998D-113C-4D4E-95B9-A27FA8025F1A}"
EndProject
Project("{9A19103F-16F7-4668-BE54-9A1E7A4F7556}") = "Controls", "Controls\Controls\.vNext\Controls.csproj", "{B6869507-C603-467B-B10F-AC116B974218}"
EndProject
Project("{9A19103F-16F7-4668-BE54-9A1E7A4F7556}") = "Tools", "Tools\Tools\.vNext\Tools.csproj", "{BA056DA7-33E4-475C-8F84-6766E2D0FE2C}"
EndProject
Project("{2150E333-8FDC-42A3-9474-1A3956D46DE8}") = "Storage", "Storage", "{21229EBD-1D14-4D7A-B5CF-B6708A668BFF}"
EndProject
Project("{9A19103F-16F7-4668-BE54-9A1E7A4F7556}") = "StorageCF", "BuildingBlocks\Storage\StorageCF\.vNext\StorageCF.csproj", "{9E5925C2-E3FD-44B7-B5BE-CC750D8EF5F4}"
EndProject
Project("{2150E333-8FDC-42A3-9474-1A3956D46DE8}") = "ApplicationFramework", "ApplicationFramework", "{E84885FC-3744-4C7C-BD95-3950F41D9A1C}"
EndProject
Project("{9A19103F-16F7-4668-BE54-9A1E7A4F7556}") = "ApplicationFramework", "BuildingBlocks\ApplicationFramework\ApplicationFramework\.vNext\ApplicationFramework.csproj", "{78AACC1C-A8FA-4D35-AB66-DB9AAB7138FA}"
EndProject
Project("{9A19103F-16F7-4668-BE54-9A1E7A4F7556}") = "ApplicationFrameworkCF", "BuildingBlocks\ApplicationFramework\ApplicationFrameworkCF\.vNext\ApplicationFrameworkCF.csproj", "{54850AD3-57C3-4894-B64E-F0BD55719D0F}"
EndProject
Project("{2150E333-8FDC-42A3-9474-1A3956D46DE8}") = "SignatureInterfaces", "SignatureInterfaces", "{4CA40B54-E13B-4AD7-A7E0-A06163705F2D}"
EndProject
Project("{9A19103F-16F7-4668-BE54-9A1E7A4F7556}") = "SignatureInterfaces", "BuildingBlocks\SignatureInterfaces\SignatureInterfaces\.vNext\SignatureInterfaces.csproj", "{8D67F1C5-57AF-4277-9CAC-83B241A491BD}"
EndProject
Project("{9A19103F-16F7-4668-BE54-9A1E7A4F7556}") = "SignatureInterfacesCF", "BuildingBlocks\SignatureInterfaces\SignatureInterfacesCF\.vNext\SignatureInterfacesCF.csproj", "{532837B7-47AB-4777-B79E-5ADB0FC70991}"
EndProject
Project("{2150E333-8FDC-42A3-9474-1A3956D46DE8}") = "Providers", "Providers", "{91773175-C009-472D-BF77-6A7A2A095B05}"
EndProject
Project("{2150E333-8FDC-42A3-9474-1A3956D46DE8}") = "CommonDatabase", "CommonDatabase", "{604B2155-4475-4620-8B36-BF81BF122359}"
EndProject
Project("{9A19103F-16F7-4668-BE54-9A1E7A4F7556}") = "CommonDatabaseCF", "BuildingBlocks\Storage\Providers\CommonDatabase\CommonDatabaseCF\.vNext\CommonDatabaseCF.csproj", "{B5FE6212-2ADD-47CE-B0F5-A3C10B083978}"
EndProject
Project("{2150E333-8FDC-42A3-9474-1A3956D46DE8}") = "SQLiteDatabase", "SQLiteDatabase", "{EC2A5294-EDD9-4CD8-97E1-04C176AEBBF8}"
EndProject
Project("{9A19103F-16F7-4668-BE54-9A1E7A4F7556}") = "SQLiteDatabaseCF", "BuildingBlocks\Storage\Providers\SQLiteDatabase\SQLiteDatabaseCF\.vNext\SQLiteDatabaseCF.csproj", "{D5F6E0BD-D63B-4149-A5E2-F722C4885673}"
EndProject
Project("{9A19103F-16F7-4668-BE54-9A1E7A4F7556}") = "SQLiteDatabase", "BuildingBlocks\Storage\Providers\SQLiteDatabase\SQLiteDatabase\.vNext\SQLiteDatabase.csproj", "{A990367B-CAE9-4356-A066-91107396F113}"
EndProject
Project("{9A19103F-16F7-4668-BE54-9A1E7A4F7556}") = "SQLiteDatabaseCommonCF", "BuildingBlocks\Storage\Providers\SQLiteDatabase\SQLiteDatabaseCommonCF\.vNext\SQLiteDatabaseCommonCF.csproj", "{D8EB3493-D297-45F1-A42F-9EF27F13F78F}"
EndProject
Project("{2150E333-8FDC-42A3-9474-1A3956D46DE8}") = "Tests", "Tests", "{E632B3D6-E4D7-4C8D-A834-C767BC2A8F5C}"
EndProject
Project("{9A19103F-16F7-4668-BE54-9A1E7A4F7556}") = "ControlsTest", "Controls\ControlsTest\.vNext\ControlsTest.csproj", "{CA9C286F-C5CE-4549-A457-AEC92142832D}"
EndProject
Project("{9A19103F-16F7-4668-BE54-9A1E7A4F7556}") = "CommonTest", "Common\CommonTest\.vNext\CommonTest.csproj", "{4EA117C5-E980-4363-B2A6-5BAF341CAA84}"
EndProject
Project("{9A19103F-16F7-4668-BE54-9A1E7A4F7556}") = "TestUtilities", "Test\TestUtilities\.vNext\TestUtilities.csproj", "{29635819-DB6F-4C71-BFBA-3D4791C1AD12}"
EndProject
Project("{9A19103F-16F7-4668-BE54-9A1E7A4F7556}") = "ToolsTest", "Tools\ToolsTest\.vNext\ToolsTest.csproj", "{99A128DB-7D9D-44D3-975C-BBB0077A4E60}"
EndProject
Global
	GlobalSection(SolutionConfigurationPlatforms) = preSolution
		Debug|Any CPU = Debug|Any CPU
		Debug|x86 = Debug|x86
		Release|Any CPU = Release|Any CPU
		Release|x86 = Release|x86
	EndGlobalSection
	GlobalSection(ProjectConfigurationPlatforms) = postSolution
		{FF3D5152-35B3-459B-9DD9-EFDA169B12FE}.Debug|Any CPU.ActiveCfg = Debug|Any CPU
		{FF3D5152-35B3-459B-9DD9-EFDA169B12FE}.Debug|Any CPU.Build.0 = Debug|Any CPU
		{FF3D5152-35B3-459B-9DD9-EFDA169B12FE}.Debug|x86.ActiveCfg = Debug|Any CPU
		{FF3D5152-35B3-459B-9DD9-EFDA169B12FE}.Debug|x86.Build.0 = Debug|Any CPU
		{FF3D5152-35B3-459B-9DD9-EFDA169B12FE}.Release|Any CPU.ActiveCfg = Release|Any CPU
		{FF3D5152-35B3-459B-9DD9-EFDA169B12FE}.Release|Any CPU.Build.0 = Release|Any CPU
		{FF3D5152-35B3-459B-9DD9-EFDA169B12FE}.Release|x86.ActiveCfg = Release|Any CPU
		{FF3D5152-35B3-459B-9DD9-EFDA169B12FE}.Release|x86.Build.0 = Release|Any CPU
		{E6C871BF-0E96-43E5-91A7-94046C9387B0}.Debug|Any CPU.ActiveCfg = Debug|Any CPU
		{E6C871BF-0E96-43E5-91A7-94046C9387B0}.Debug|Any CPU.Build.0 = Debug|Any CPU
		{E6C871BF-0E96-43E5-91A7-94046C9387B0}.Debug|x86.ActiveCfg = Debug|Any CPU
		{E6C871BF-0E96-43E5-91A7-94046C9387B0}.Debug|x86.Build.0 = Debug|Any CPU
		{E6C871BF-0E96-43E5-91A7-94046C9387B0}.Release|Any CPU.ActiveCfg = Release|Any CPU
		{E6C871BF-0E96-43E5-91A7-94046C9387B0}.Release|Any CPU.Build.0 = Release|Any CPU
		{E6C871BF-0E96-43E5-91A7-94046C9387B0}.Release|x86.ActiveCfg = Release|Any CPU
		{E6C871BF-0E96-43E5-91A7-94046C9387B0}.Release|x86.Build.0 = Release|Any CPU
		{943B3E9F-4BC3-4E5A-8D7B-CF0058C189D1}.Debug|Any CPU.ActiveCfg = Debug|Any CPU
		{943B3E9F-4BC3-4E5A-8D7B-CF0058C189D1}.Debug|Any CPU.Build.0 = Debug|Any CPU
		{943B3E9F-4BC3-4E5A-8D7B-CF0058C189D1}.Debug|x86.ActiveCfg = Debug|Any CPU
		{943B3E9F-4BC3-4E5A-8D7B-CF0058C189D1}.Debug|x86.Build.0 = Debug|Any CPU
		{943B3E9F-4BC3-4E5A-8D7B-CF0058C189D1}.Release|Any CPU.ActiveCfg = Release|Any CPU
		{943B3E9F-4BC3-4E5A-8D7B-CF0058C189D1}.Release|Any CPU.Build.0 = Release|Any CPU
		{943B3E9F-4BC3-4E5A-8D7B-CF0058C189D1}.Release|x86.ActiveCfg = Release|Any CPU
		{943B3E9F-4BC3-4E5A-8D7B-CF0058C189D1}.Release|x86.Build.0 = Release|Any CPU
		{7353FF5E-EF41-4B4E-B7C3-FC246DFE90E3}.Debug|Any CPU.ActiveCfg = Debug|Any CPU
		{7353FF5E-EF41-4B4E-B7C3-FC246DFE90E3}.Debug|Any CPU.Build.0 = Debug|Any CPU
		{7353FF5E-EF41-4B4E-B7C3-FC246DFE90E3}.Debug|x86.ActiveCfg = Debug|Any CPU
		{7353FF5E-EF41-4B4E-B7C3-FC246DFE90E3}.Debug|x86.Build.0 = Debug|Any CPU
		{7353FF5E-EF41-4B4E-B7C3-FC246DFE90E3}.Release|Any CPU.ActiveCfg = Release|Any CPU
		{7353FF5E-EF41-4B4E-B7C3-FC246DFE90E3}.Release|Any CPU.Build.0 = Release|Any CPU
		{7353FF5E-EF41-4B4E-B7C3-FC246DFE90E3}.Release|x86.ActiveCfg = Release|Any CPU
		{7353FF5E-EF41-4B4E-B7C3-FC246DFE90E3}.Release|x86.Build.0 = Release|Any CPU
		{FD02410F-BD0B-441D-AA4A-0706D6FD9490}.Debug|Any CPU.ActiveCfg = Debug|Any CPU
		{FD02410F-BD0B-441D-AA4A-0706D6FD9490}.Debug|Any CPU.Build.0 = Debug|Any CPU
		{FD02410F-BD0B-441D-AA4A-0706D6FD9490}.Debug|x86.ActiveCfg = Debug|Any CPU
		{FD02410F-BD0B-441D-AA4A-0706D6FD9490}.Debug|x86.Build.0 = Debug|Any CPU
		{FD02410F-BD0B-441D-AA4A-0706D6FD9490}.Release|Any CPU.ActiveCfg = Release|Any CPU
		{FD02410F-BD0B-441D-AA4A-0706D6FD9490}.Release|Any CPU.Build.0 = Release|Any CPU
		{FD02410F-BD0B-441D-AA4A-0706D6FD9490}.Release|x86.ActiveCfg = Release|Any CPU
		{FD02410F-BD0B-441D-AA4A-0706D6FD9490}.Release|x86.Build.0 = Release|Any CPU
		{801BF889-7615-4D89-87AE-C9B50C3F975D}.Debug|Any CPU.ActiveCfg = Debug|Any CPU
		{801BF889-7615-4D89-87AE-C9B50C3F975D}.Debug|Any CPU.Build.0 = Debug|Any CPU
		{801BF889-7615-4D89-87AE-C9B50C3F975D}.Debug|x86.ActiveCfg = Debug|Any CPU
		{801BF889-7615-4D89-87AE-C9B50C3F975D}.Debug|x86.Build.0 = Debug|Any CPU
		{801BF889-7615-4D89-87AE-C9B50C3F975D}.Release|Any CPU.ActiveCfg = Release|Any CPU
		{801BF889-7615-4D89-87AE-C9B50C3F975D}.Release|Any CPU.Build.0 = Release|Any CPU
		{801BF889-7615-4D89-87AE-C9B50C3F975D}.Release|x86.ActiveCfg = Release|Any CPU
		{801BF889-7615-4D89-87AE-C9B50C3F975D}.Release|x86.Build.0 = Release|Any CPU
		{DC8BAC52-22E0-4D2E-9990-F0CA6F2C7181}.Debug|Any CPU.ActiveCfg = Debug|Any CPU
		{DC8BAC52-22E0-4D2E-9990-F0CA6F2C7181}.Debug|Any CPU.Build.0 = Debug|Any CPU
		{DC8BAC52-22E0-4D2E-9990-F0CA6F2C7181}.Debug|x86.ActiveCfg = Debug|Any CPU
		{DC8BAC52-22E0-4D2E-9990-F0CA6F2C7181}.Debug|x86.Build.0 = Debug|Any CPU
		{DC8BAC52-22E0-4D2E-9990-F0CA6F2C7181}.Release|Any CPU.ActiveCfg = Release|Any CPU
		{DC8BAC52-22E0-4D2E-9990-F0CA6F2C7181}.Release|Any CPU.Build.0 = Release|Any CPU
		{DC8BAC52-22E0-4D2E-9990-F0CA6F2C7181}.Release|x86.ActiveCfg = Release|Any CPU
		{DC8BAC52-22E0-4D2E-9990-F0CA6F2C7181}.Release|x86.Build.0 = Release|Any CPU
		{1233AC81-223D-4E98-A80C-01B7BA51FE1E}.Debug|Any CPU.ActiveCfg = Debug|Any CPU
		{1233AC81-223D-4E98-A80C-01B7BA51FE1E}.Debug|Any CPU.Build.0 = Debug|Any CPU
		{1233AC81-223D-4E98-A80C-01B7BA51FE1E}.Debug|x86.ActiveCfg = Debug|Any CPU
		{1233AC81-223D-4E98-A80C-01B7BA51FE1E}.Debug|x86.Build.0 = Debug|Any CPU
		{1233AC81-223D-4E98-A80C-01B7BA51FE1E}.Release|Any CPU.ActiveCfg = Release|Any CPU
		{1233AC81-223D-4E98-A80C-01B7BA51FE1E}.Release|Any CPU.Build.0 = Release|Any CPU
		{1233AC81-223D-4E98-A80C-01B7BA51FE1E}.Release|x86.ActiveCfg = Release|Any CPU
		{1233AC81-223D-4E98-A80C-01B7BA51FE1E}.Release|x86.Build.0 = Release|Any CPU
		{514EC6B4-A0CD-4F70-854A-AA5D64EB5256}.Debug|Any CPU.ActiveCfg = Debug|Any CPU
		{514EC6B4-A0CD-4F70-854A-AA5D64EB5256}.Debug|Any CPU.Build.0 = Debug|Any CPU
		{514EC6B4-A0CD-4F70-854A-AA5D64EB5256}.Debug|x86.ActiveCfg = Debug|Any CPU
		{514EC6B4-A0CD-4F70-854A-AA5D64EB5256}.Debug|x86.Build.0 = Debug|Any CPU
		{514EC6B4-A0CD-4F70-854A-AA5D64EB5256}.Release|Any CPU.ActiveCfg = Release|Any CPU
		{514EC6B4-A0CD-4F70-854A-AA5D64EB5256}.Release|Any CPU.Build.0 = Release|Any CPU
		{514EC6B4-A0CD-4F70-854A-AA5D64EB5256}.Release|x86.ActiveCfg = Release|Any CPU
		{514EC6B4-A0CD-4F70-854A-AA5D64EB5256}.Release|x86.Build.0 = Release|Any CPU
		{D6AFDFB7-36EE-4CB6-A68E-808AF6140EE3}.Debug|Any CPU.ActiveCfg = Debug|Any CPU
		{D6AFDFB7-36EE-4CB6-A68E-808AF6140EE3}.Debug|Any CPU.Build.0 = Debug|Any CPU
		{D6AFDFB7-36EE-4CB6-A68E-808AF6140EE3}.Debug|x86.ActiveCfg = Debug|Any CPU
		{D6AFDFB7-36EE-4CB6-A68E-808AF6140EE3}.Debug|x86.Build.0 = Debug|Any CPU
		{D6AFDFB7-36EE-4CB6-A68E-808AF6140EE3}.Release|Any CPU.ActiveCfg = Release|Any CPU
		{D6AFDFB7-36EE-4CB6-A68E-808AF6140EE3}.Release|Any CPU.Build.0 = Release|Any CPU
		{D6AFDFB7-36EE-4CB6-A68E-808AF6140EE3}.Release|x86.ActiveCfg = Release|Any CPU
		{D6AFDFB7-36EE-4CB6-A68E-808AF6140EE3}.Release|x86.Build.0 = Release|Any CPU
		{3AE7CC3F-315A-4E07-9026-C1BD54745C4C}.Debug|Any CPU.ActiveCfg = Debug|Any CPU
		{3AE7CC3F-315A-4E07-9026-C1BD54745C4C}.Debug|Any CPU.Build.0 = Debug|Any CPU
		{3AE7CC3F-315A-4E07-9026-C1BD54745C4C}.Debug|x86.ActiveCfg = Debug|Any CPU
		{3AE7CC3F-315A-4E07-9026-C1BD54745C4C}.Debug|x86.Build.0 = Debug|Any CPU
		{3AE7CC3F-315A-4E07-9026-C1BD54745C4C}.Release|Any CPU.ActiveCfg = Release|Any CPU
		{3AE7CC3F-315A-4E07-9026-C1BD54745C4C}.Release|Any CPU.Build.0 = Release|Any CPU
		{3AE7CC3F-315A-4E07-9026-C1BD54745C4C}.Release|x86.ActiveCfg = Release|Any CPU
		{3AE7CC3F-315A-4E07-9026-C1BD54745C4C}.Release|x86.Build.0 = Release|Any CPU
		{4168998D-113C-4D4E-95B9-A27FA8025F1A}.Debug|Any CPU.ActiveCfg = Debug|Any CPU
		{4168998D-113C-4D4E-95B9-A27FA8025F1A}.Debug|Any CPU.Build.0 = Debug|Any CPU
		{4168998D-113C-4D4E-95B9-A27FA8025F1A}.Debug|x86.ActiveCfg = Debug|Any CPU
		{4168998D-113C-4D4E-95B9-A27FA8025F1A}.Debug|x86.Build.0 = Debug|Any CPU
		{4168998D-113C-4D4E-95B9-A27FA8025F1A}.Release|Any CPU.ActiveCfg = Release|Any CPU
		{4168998D-113C-4D4E-95B9-A27FA8025F1A}.Release|Any CPU.Build.0 = Release|Any CPU
		{4168998D-113C-4D4E-95B9-A27FA8025F1A}.Release|x86.ActiveCfg = Release|Any CPU
		{4168998D-113C-4D4E-95B9-A27FA8025F1A}.Release|x86.Build.0 = Release|Any CPU
		{B6869507-C603-467B-B10F-AC116B974218}.Debug|Any CPU.ActiveCfg = Debug|Any CPU
		{B6869507-C603-467B-B10F-AC116B974218}.Debug|Any CPU.Build.0 = Debug|Any CPU
		{B6869507-C603-467B-B10F-AC116B974218}.Debug|x86.ActiveCfg = Debug|Any CPU
		{B6869507-C603-467B-B10F-AC116B974218}.Debug|x86.Build.0 = Debug|Any CPU
		{B6869507-C603-467B-B10F-AC116B974218}.Release|Any CPU.ActiveCfg = Release|Any CPU
		{B6869507-C603-467B-B10F-AC116B974218}.Release|Any CPU.Build.0 = Release|Any CPU
		{B6869507-C603-467B-B10F-AC116B974218}.Release|x86.ActiveCfg = Release|Any CPU
		{B6869507-C603-467B-B10F-AC116B974218}.Release|x86.Build.0 = Release|Any CPU
		{BA056DA7-33E4-475C-8F84-6766E2D0FE2C}.Debug|Any CPU.ActiveCfg = Debug|Any CPU
		{BA056DA7-33E4-475C-8F84-6766E2D0FE2C}.Debug|Any CPU.Build.0 = Debug|Any CPU
		{BA056DA7-33E4-475C-8F84-6766E2D0FE2C}.Debug|x86.ActiveCfg = Debug|Any CPU
		{BA056DA7-33E4-475C-8F84-6766E2D0FE2C}.Debug|x86.Build.0 = Debug|Any CPU
		{BA056DA7-33E4-475C-8F84-6766E2D0FE2C}.Release|Any CPU.ActiveCfg = Release|Any CPU
		{BA056DA7-33E4-475C-8F84-6766E2D0FE2C}.Release|Any CPU.Build.0 = Release|Any CPU
		{BA056DA7-33E4-475C-8F84-6766E2D0FE2C}.Release|x86.ActiveCfg = Release|Any CPU
		{BA056DA7-33E4-475C-8F84-6766E2D0FE2C}.Release|x86.Build.0 = Release|Any CPU
		{9E5925C2-E3FD-44B7-B5BE-CC750D8EF5F4}.Debug|Any CPU.ActiveCfg = Debug|Any CPU
		{9E5925C2-E3FD-44B7-B5BE-CC750D8EF5F4}.Debug|Any CPU.Build.0 = Debug|Any CPU
		{9E5925C2-E3FD-44B7-B5BE-CC750D8EF5F4}.Debug|x86.ActiveCfg = Debug|Any CPU
		{9E5925C2-E3FD-44B7-B5BE-CC750D8EF5F4}.Debug|x86.Build.0 = Debug|Any CPU
		{9E5925C2-E3FD-44B7-B5BE-CC750D8EF5F4}.Release|Any CPU.ActiveCfg = Release|Any CPU
		{9E5925C2-E3FD-44B7-B5BE-CC750D8EF5F4}.Release|Any CPU.Build.0 = Release|Any CPU
		{9E5925C2-E3FD-44B7-B5BE-CC750D8EF5F4}.Release|x86.ActiveCfg = Release|Any CPU
		{9E5925C2-E3FD-44B7-B5BE-CC750D8EF5F4}.Release|x86.Build.0 = Release|Any CPU
		{78AACC1C-A8FA-4D35-AB66-DB9AAB7138FA}.Debug|Any CPU.ActiveCfg = Debug|Any CPU
		{78AACC1C-A8FA-4D35-AB66-DB9AAB7138FA}.Debug|Any CPU.Build.0 = Debug|Any CPU
		{78AACC1C-A8FA-4D35-AB66-DB9AAB7138FA}.Debug|x86.ActiveCfg = Debug|Any CPU
		{78AACC1C-A8FA-4D35-AB66-DB9AAB7138FA}.Debug|x86.Build.0 = Debug|Any CPU
		{78AACC1C-A8FA-4D35-AB66-DB9AAB7138FA}.Release|Any CPU.ActiveCfg = Release|Any CPU
		{78AACC1C-A8FA-4D35-AB66-DB9AAB7138FA}.Release|Any CPU.Build.0 = Release|Any CPU
		{78AACC1C-A8FA-4D35-AB66-DB9AAB7138FA}.Release|x86.ActiveCfg = Release|Any CPU
		{78AACC1C-A8FA-4D35-AB66-DB9AAB7138FA}.Release|x86.Build.0 = Release|Any CPU
		{54850AD3-57C3-4894-B64E-F0BD55719D0F}.Debug|Any CPU.ActiveCfg = Debug|Any CPU
		{54850AD3-57C3-4894-B64E-F0BD55719D0F}.Debug|Any CPU.Build.0 = Debug|Any CPU
		{54850AD3-57C3-4894-B64E-F0BD55719D0F}.Debug|x86.ActiveCfg = Debug|Any CPU
		{54850AD3-57C3-4894-B64E-F0BD55719D0F}.Debug|x86.Build.0 = Debug|Any CPU
		{54850AD3-57C3-4894-B64E-F0BD55719D0F}.Release|Any CPU.ActiveCfg = Release|Any CPU
		{54850AD3-57C3-4894-B64E-F0BD55719D0F}.Release|Any CPU.Build.0 = Release|Any CPU
		{54850AD3-57C3-4894-B64E-F0BD55719D0F}.Release|x86.ActiveCfg = Release|Any CPU
		{54850AD3-57C3-4894-B64E-F0BD55719D0F}.Release|x86.Build.0 = Release|Any CPU
		{8D67F1C5-57AF-4277-9CAC-83B241A491BD}.Debug|Any CPU.ActiveCfg = Debug|Any CPU
		{8D67F1C5-57AF-4277-9CAC-83B241A491BD}.Debug|Any CPU.Build.0 = Debug|Any CPU
		{8D67F1C5-57AF-4277-9CAC-83B241A491BD}.Debug|x86.ActiveCfg = Debug|Any CPU
		{8D67F1C5-57AF-4277-9CAC-83B241A491BD}.Debug|x86.Build.0 = Debug|Any CPU
		{8D67F1C5-57AF-4277-9CAC-83B241A491BD}.Release|Any CPU.ActiveCfg = Release|Any CPU
		{8D67F1C5-57AF-4277-9CAC-83B241A491BD}.Release|Any CPU.Build.0 = Release|Any CPU
		{8D67F1C5-57AF-4277-9CAC-83B241A491BD}.Release|x86.ActiveCfg = Release|Any CPU
		{8D67F1C5-57AF-4277-9CAC-83B241A491BD}.Release|x86.Build.0 = Release|Any CPU
		{532837B7-47AB-4777-B79E-5ADB0FC70991}.Debug|Any CPU.ActiveCfg = Debug|Any CPU
		{532837B7-47AB-4777-B79E-5ADB0FC70991}.Debug|Any CPU.Build.0 = Debug|Any CPU
		{532837B7-47AB-4777-B79E-5ADB0FC70991}.Debug|x86.ActiveCfg = Debug|Any CPU
		{532837B7-47AB-4777-B79E-5ADB0FC70991}.Debug|x86.Build.0 = Debug|Any CPU
		{532837B7-47AB-4777-B79E-5ADB0FC70991}.Release|Any CPU.ActiveCfg = Release|Any CPU
		{532837B7-47AB-4777-B79E-5ADB0FC70991}.Release|Any CPU.Build.0 = Release|Any CPU
		{532837B7-47AB-4777-B79E-5ADB0FC70991}.Release|x86.ActiveCfg = Release|Any CPU
		{532837B7-47AB-4777-B79E-5ADB0FC70991}.Release|x86.Build.0 = Release|Any CPU
		{B5FE6212-2ADD-47CE-B0F5-A3C10B083978}.Debug|Any CPU.ActiveCfg = Debug|Any CPU
		{B5FE6212-2ADD-47CE-B0F5-A3C10B083978}.Debug|Any CPU.Build.0 = Debug|Any CPU
		{B5FE6212-2ADD-47CE-B0F5-A3C10B083978}.Debug|x86.ActiveCfg = Debug|Any CPU
		{B5FE6212-2ADD-47CE-B0F5-A3C10B083978}.Debug|x86.Build.0 = Debug|Any CPU
		{B5FE6212-2ADD-47CE-B0F5-A3C10B083978}.Release|Any CPU.ActiveCfg = Release|Any CPU
		{B5FE6212-2ADD-47CE-B0F5-A3C10B083978}.Release|Any CPU.Build.0 = Release|Any CPU
		{B5FE6212-2ADD-47CE-B0F5-A3C10B083978}.Release|x86.ActiveCfg = Release|Any CPU
		{B5FE6212-2ADD-47CE-B0F5-A3C10B083978}.Release|x86.Build.0 = Release|Any CPU
		{D5F6E0BD-D63B-4149-A5E2-F722C4885673}.Debug|Any CPU.ActiveCfg = Debug|Any CPU
		{D5F6E0BD-D63B-4149-A5E2-F722C4885673}.Debug|Any CPU.Build.0 = Debug|Any CPU
		{D5F6E0BD-D63B-4149-A5E2-F722C4885673}.Debug|x86.ActiveCfg = Debug|Any CPU
		{D5F6E0BD-D63B-4149-A5E2-F722C4885673}.Debug|x86.Build.0 = Debug|Any CPU
		{D5F6E0BD-D63B-4149-A5E2-F722C4885673}.Release|Any CPU.ActiveCfg = Release|Any CPU
		{D5F6E0BD-D63B-4149-A5E2-F722C4885673}.Release|Any CPU.Build.0 = Release|Any CPU
		{D5F6E0BD-D63B-4149-A5E2-F722C4885673}.Release|x86.ActiveCfg = Release|Any CPU
		{D5F6E0BD-D63B-4149-A5E2-F722C4885673}.Release|x86.Build.0 = Release|Any CPU
		{A990367B-CAE9-4356-A066-91107396F113}.Debug|Any CPU.ActiveCfg = Debug|Any CPU
		{A990367B-CAE9-4356-A066-91107396F113}.Debug|Any CPU.Build.0 = Debug|Any CPU
		{A990367B-CAE9-4356-A066-91107396F113}.Debug|x86.ActiveCfg = Debug|Any CPU
		{A990367B-CAE9-4356-A066-91107396F113}.Debug|x86.Build.0 = Debug|Any CPU
		{A990367B-CAE9-4356-A066-91107396F113}.Release|Any CPU.ActiveCfg = Release|Any CPU
		{A990367B-CAE9-4356-A066-91107396F113}.Release|Any CPU.Build.0 = Release|Any CPU
		{A990367B-CAE9-4356-A066-91107396F113}.Release|x86.ActiveCfg = Release|Any CPU
		{A990367B-CAE9-4356-A066-91107396F113}.Release|x86.Build.0 = Release|Any CPU
		{D8EB3493-D297-45F1-A42F-9EF27F13F78F}.Debug|Any CPU.ActiveCfg = Debug|Any CPU
		{D8EB3493-D297-45F1-A42F-9EF27F13F78F}.Debug|Any CPU.Build.0 = Debug|Any CPU
		{D8EB3493-D297-45F1-A42F-9EF27F13F78F}.Debug|x86.ActiveCfg = Debug|Any CPU
		{D8EB3493-D297-45F1-A42F-9EF27F13F78F}.Debug|x86.Build.0 = Debug|Any CPU
		{D8EB3493-D297-45F1-A42F-9EF27F13F78F}.Release|Any CPU.ActiveCfg = Release|Any CPU
		{D8EB3493-D297-45F1-A42F-9EF27F13F78F}.Release|Any CPU.Build.0 = Release|Any CPU
		{D8EB3493-D297-45F1-A42F-9EF27F13F78F}.Release|x86.ActiveCfg = Release|Any CPU
		{D8EB3493-D297-45F1-A42F-9EF27F13F78F}.Release|x86.Build.0 = Release|Any CPU
		{CA9C286F-C5CE-4549-A457-AEC92142832D}.Debug|Any CPU.ActiveCfg = Debug|Any CPU
		{CA9C286F-C5CE-4549-A457-AEC92142832D}.Debug|Any CPU.Build.0 = Debug|Any CPU
		{CA9C286F-C5CE-4549-A457-AEC92142832D}.Debug|x86.ActiveCfg = Debug|Any CPU
		{CA9C286F-C5CE-4549-A457-AEC92142832D}.Debug|x86.Build.0 = Debug|Any CPU
		{CA9C286F-C5CE-4549-A457-AEC92142832D}.Release|Any CPU.ActiveCfg = Release|Any CPU
		{CA9C286F-C5CE-4549-A457-AEC92142832D}.Release|Any CPU.Build.0 = Release|Any CPU
		{CA9C286F-C5CE-4549-A457-AEC92142832D}.Release|x86.ActiveCfg = Release|Any CPU
		{CA9C286F-C5CE-4549-A457-AEC92142832D}.Release|x86.Build.0 = Release|Any CPU
		{4EA117C5-E980-4363-B2A6-5BAF341CAA84}.Debug|Any CPU.ActiveCfg = Debug|Any CPU
		{4EA117C5-E980-4363-B2A6-5BAF341CAA84}.Debug|Any CPU.Build.0 = Debug|Any CPU
		{4EA117C5-E980-4363-B2A6-5BAF341CAA84}.Debug|x86.ActiveCfg = Debug|Any CPU
		{4EA117C5-E980-4363-B2A6-5BAF341CAA84}.Debug|x86.Build.0 = Debug|Any CPU
		{4EA117C5-E980-4363-B2A6-5BAF341CAA84}.Release|Any CPU.ActiveCfg = Release|Any CPU
		{4EA117C5-E980-4363-B2A6-5BAF341CAA84}.Release|Any CPU.Build.0 = Release|Any CPU
		{4EA117C5-E980-4363-B2A6-5BAF341CAA84}.Release|x86.ActiveCfg = Release|Any CPU
		{4EA117C5-E980-4363-B2A6-5BAF341CAA84}.Release|x86.Build.0 = Release|Any CPU
		{29635819-DB6F-4C71-BFBA-3D4791C1AD12}.Debug|Any CPU.ActiveCfg = Debug|Any CPU
		{29635819-DB6F-4C71-BFBA-3D4791C1AD12}.Debug|Any CPU.Build.0 = Debug|Any CPU
		{29635819-DB6F-4C71-BFBA-3D4791C1AD12}.Debug|x86.ActiveCfg = Debug|Any CPU
		{29635819-DB6F-4C71-BFBA-3D4791C1AD12}.Debug|x86.Build.0 = Debug|Any CPU
		{29635819-DB6F-4C71-BFBA-3D4791C1AD12}.Release|Any CPU.ActiveCfg = Release|Any CPU
		{29635819-DB6F-4C71-BFBA-3D4791C1AD12}.Release|Any CPU.Build.0 = Release|Any CPU
		{29635819-DB6F-4C71-BFBA-3D4791C1AD12}.Release|x86.ActiveCfg = Release|Any CPU
		{29635819-DB6F-4C71-BFBA-3D4791C1AD12}.Release|x86.Build.0 = Release|Any CPU
		{99A128DB-7D9D-44D3-975C-BBB0077A4E60}.Debug|Any CPU.ActiveCfg = Debug|Any CPU
		{99A128DB-7D9D-44D3-975C-BBB0077A4E60}.Debug|Any CPU.Build.0 = Debug|Any CPU
		{99A128DB-7D9D-44D3-975C-BBB0077A4E60}.Debug|x86.ActiveCfg = Debug|Any CPU
		{99A128DB-7D9D-44D3-975C-BBB0077A4E60}.Debug|x86.Build.0 = Debug|Any CPU
		{99A128DB-7D9D-44D3-975C-BBB0077A4E60}.Release|Any CPU.ActiveCfg = Release|Any CPU
		{99A128DB-7D9D-44D3-975C-BBB0077A4E60}.Release|Any CPU.Build.0 = Release|Any CPU
		{99A128DB-7D9D-44D3-975C-BBB0077A4E60}.Release|x86.ActiveCfg = Release|Any CPU
		{99A128DB-7D9D-44D3-975C-BBB0077A4E60}.Release|x86.Build.0 = Release|Any CPU
	EndGlobalSection
	GlobalSection(SolutionProperties) = preSolution
		HideSolutionNode = FALSE
	EndGlobalSection
	GlobalSection(NestedProjects) = preSolution
		{FF3D5152-35B3-459B-9DD9-EFDA169B12FE} = {EB40F5C3-2EAE-43F4-ABB0-07448DA0C28D}
		{795E184B-21F9-48D7-8005-DD4ACE19A11D} = {A25DBDB7-E193-4DAD-A7C0-79CEF1715CD4}
		{0F12CF9D-CE8C-45B6-BDB6-F12234C2AE7A} = {A25DBDB7-E193-4DAD-A7C0-79CEF1715CD4}
		{FC054BB6-4271-4528-B16F-5146756E2DA9} = {EB40F5C3-2EAE-43F4-ABB0-07448DA0C28D}
		{E6C871BF-0E96-43E5-91A7-94046C9387B0} = {FC054BB6-4271-4528-B16F-5146756E2DA9}
		{943B3E9F-4BC3-4E5A-8D7B-CF0058C189D1} = {EB40F5C3-2EAE-43F4-ABB0-07448DA0C28D}
		{7353FF5E-EF41-4B4E-B7C3-FC246DFE90E3} = {EB40F5C3-2EAE-43F4-ABB0-07448DA0C28D}
		{FD02410F-BD0B-441D-AA4A-0706D6FD9490} = {EB40F5C3-2EAE-43F4-ABB0-07448DA0C28D}
		{801BF889-7615-4D89-87AE-C9B50C3F975D} = {EB40F5C3-2EAE-43F4-ABB0-07448DA0C28D}
		{DC8BAC52-22E0-4D2E-9990-F0CA6F2C7181} = {EB40F5C3-2EAE-43F4-ABB0-07448DA0C28D}
		{1233AC81-223D-4E98-A80C-01B7BA51FE1E} = {EB40F5C3-2EAE-43F4-ABB0-07448DA0C28D}
		{EB40F5C3-2EAE-43F4-ABB0-07448DA0C28D} = {0F12CF9D-CE8C-45B6-BDB6-F12234C2AE7A}
		{E1C4B014-98B8-4A88-88F9-F26BCC32D6B6} = {0F12CF9D-CE8C-45B6-BDB6-F12234C2AE7A}
		{514EC6B4-A0CD-4F70-854A-AA5D64EB5256} = {E1C4B014-98B8-4A88-88F9-F26BCC32D6B6}
		{D6AFDFB7-36EE-4CB6-A68E-808AF6140EE3} = {E1C4B014-98B8-4A88-88F9-F26BCC32D6B6}
		{3AE7CC3F-315A-4E07-9026-C1BD54745C4C} = {E1C4B014-98B8-4A88-88F9-F26BCC32D6B6}
		{4168998D-113C-4D4E-95B9-A27FA8025F1A} = {E1C4B014-98B8-4A88-88F9-F26BCC32D6B6}
		{B6869507-C603-467B-B10F-AC116B974218} = {E1C4B014-98B8-4A88-88F9-F26BCC32D6B6}
		{BA056DA7-33E4-475C-8F84-6766E2D0FE2C} = {E1C4B014-98B8-4A88-88F9-F26BCC32D6B6}
		{21229EBD-1D14-4D7A-B5CF-B6708A668BFF} = {795E184B-21F9-48D7-8005-DD4ACE19A11D}
		{9E5925C2-E3FD-44B7-B5BE-CC750D8EF5F4} = {21229EBD-1D14-4D7A-B5CF-B6708A668BFF}
		{E84885FC-3744-4C7C-BD95-3950F41D9A1C} = {795E184B-21F9-48D7-8005-DD4ACE19A11D}
		{78AACC1C-A8FA-4D35-AB66-DB9AAB7138FA} = {E84885FC-3744-4C7C-BD95-3950F41D9A1C}
		{54850AD3-57C3-4894-B64E-F0BD55719D0F} = {E84885FC-3744-4C7C-BD95-3950F41D9A1C}
		{4CA40B54-E13B-4AD7-A7E0-A06163705F2D} = {795E184B-21F9-48D7-8005-DD4ACE19A11D}
		{8D67F1C5-57AF-4277-9CAC-83B241A491BD} = {4CA40B54-E13B-4AD7-A7E0-A06163705F2D}
		{532837B7-47AB-4777-B79E-5ADB0FC70991} = {4CA40B54-E13B-4AD7-A7E0-A06163705F2D}
		{91773175-C009-472D-BF77-6A7A2A095B05} = {21229EBD-1D14-4D7A-B5CF-B6708A668BFF}
		{604B2155-4475-4620-8B36-BF81BF122359} = {91773175-C009-472D-BF77-6A7A2A095B05}
		{B5FE6212-2ADD-47CE-B0F5-A3C10B083978} = {604B2155-4475-4620-8B36-BF81BF122359}
		{EC2A5294-EDD9-4CD8-97E1-04C176AEBBF8} = {91773175-C009-472D-BF77-6A7A2A095B05}
		{D5F6E0BD-D63B-4149-A5E2-F722C4885673} = {EC2A5294-EDD9-4CD8-97E1-04C176AEBBF8}
		{A990367B-CAE9-4356-A066-91107396F113} = {EC2A5294-EDD9-4CD8-97E1-04C176AEBBF8}
		{D8EB3493-D297-45F1-A42F-9EF27F13F78F} = {EC2A5294-EDD9-4CD8-97E1-04C176AEBBF8}
		{CA9C286F-C5CE-4549-A457-AEC92142832D} = {E632B3D6-E4D7-4C8D-A834-C767BC2A8F5C}
		{4EA117C5-E980-4363-B2A6-5BAF341CAA84} = {E632B3D6-E4D7-4C8D-A834-C767BC2A8F5C}
		{29635819-DB6F-4C71-BFBA-3D4791C1AD12} = {E632B3D6-E4D7-4C8D-A834-C767BC2A8F5C}
		{99A128DB-7D9D-44D3-975C-BBB0077A4E60} = {E632B3D6-E4D7-4C8D-A834-C767BC2A8F5C}
	EndGlobalSection
	GlobalSection(ExtensibilityGlobals) = postSolution
		SolutionGuid = {82E0A50D-991D-46A7-BBFD-ED082EE67F2D}
	EndGlobalSection
EndGlobal
